
Microsoft Visual Studio Solution File, Format Version 12.00
# Visual Studio Version 16
VisualStudioVersion = 16.0.34407.143
MinimumVisualStudioVersion = 10.0.40219.1
Project("{FAE04EC0-301F-11D3-BF4B-00C04F79EFBC}") = "MapLayout", "MapLayout\MapLayout.csproj", "{76C05B9C-860D-4167-9493-61AA9D33E721}"
EndProject
Global
	GlobalSection(SolutionConfigurationPlatforms) = preSolution
		Debug|x64 = Debug|x64
		Release|x64 = Release|x64
	EndGlobalSection
	GlobalSection(ProjectConfigurationPlatforms) = postSolution
		{76C05B9C-860D-4167-9493-61AA9D33E721}.Debug|x64.ActiveCfg = Debug|x64
		{76C05B9C-860D-4167-9493-61AA9D33E721}.Debug|x64.Build.0 = Debug|x64
		{76C05B9C-860D-4167-9493-61AA9D33E721}.Release|x64.ActiveCfg = Release|x64
		{76C05B9C-860D-4167-9493-61AA9D33E721}.Release|x64.Build.0 = Release|x64
	EndGlobalSection
	GlobalSection(SolutionProperties) = preSolution
		HideSolutionNode = FALSE
	EndGlobalSection
	GlobalSection(ExtensibilityGlobals) = postSolution
		SolutionGuid = {5374056E-0C5F-47BE-8B32-57418ED2BBE8}
	EndGlobalSection
EndGlobal
